{
  "name": "smoldot-local-ws-demo",
  "lockfileVersion": 3,
  "requires": true,
  "packages": {
    "": {
      "name": "smoldot-local-ws-demo",
      "dependencies": {
        "smoldot": "^3.4.0",
        "ws": "^8.18.0"
      }
    },
    "node_modules/smoldot": {
      "version": "3.4.0",
      "resolved": "https://registry.npmjs.org/smoldot/-/smoldot-3.4.0.tgz",
      "integrity": "sha512-XYCV8U9UUAwmJ/QguGlxW+I2o/5leEV7oYNMrRCc2jlaFeek0JJCXkJ4GaD8VgAzLLQnLY5k7SyOTM5AUeUWbw==",
      "license": "GPL-3.0-or-later WITH Classpath-exception-2.0",
      "dependencies": {
        "ws": "^8.8.1"
      }
    },
    "node_modules/ws": {
      "version": "8.21.3",
      "resolved": "https://registry.npmjs.org/ws/-/ws-8.21.3.tgz",
      "integrity": "sha512-201TZ/kPWxoPr/OKWjquZR1SWKXcvxdH+e1xrx89b3YbmzLMFCLfnaG1HFIgWzJOEWZ7MvpK++odZufgYR50Rw==",
      "license": "MIT",
      "engines": {
        "node": ">=10.0.0"
      },
      "peerDependencies": {
        "bufferutil": "^4.0.1",
        "utf-8-validate": ">=5.0.2"
      },
      "peerDependenciesMeta": {
        "bufferutil": {
          "optional": true
        },
        "utf-8-validate": {
          "optional": true
        }
      }
    }
  }
}
